// !$*UTF8*$!
{
	archiveVersion = 1;
	classes = {
	};
	objectVersion = 46;
	objects = {

/* Begin PBXBuildFile section */
		713F023D1F640907002F78C1 /* HuffmanAPI.swift in Sources */ = {isa = PBXBuildFile; fileRef = 713F023C1F640907002F78C1 /* HuffmanAPI.swift */; };
		7146943A1F5AEB29007E2555 /* DecoderViewController.swift in Sources */ = {isa = PBXBuildFile; fileRef = 714694381F5AEB29007E2555 /* DecoderViewController.swift */; };
		7146943B1F5AEB29007E2555 /* DecoderViewController.xib in Resources */ = {isa = PBXBuildFile; fileRef = 714694391F5AEB29007E2555 /* DecoderViewController.xib */; };
		7146943E1F5AEB46007E2555 /* EncoderViewController.swift in Sources */ = {isa = PBXBuildFile; fileRef = 7146943C1F5AEB46007E2555 /* EncoderViewController.swift */; };
		7146943F1F5AEB46007E2555 /* EncoderViewController.xib in Resources */ = {isa = PBXBuildFile; fileRef = 7146943D1F5AEB46007E2555 /* EncoderViewController.xib */; };
		714694411F5AF413007E2555 /* DestinationEncoderView.swift in Sources */ = {isa = PBXBuildFile; fileRef = 714694401F5AF413007E2555 /* DestinationEncoderView.swift */; };
		714694451F5B08B6007E2555 /* DestinationDecoderView.swift in Sources */ = {isa = PBXBuildFile; fileRef = 714694441F5B08B6007E2555 /* DestinationDecoderView.swift */; };
		7175EF501F5AA325007A73AF /* NSObjectExtension.swift in Sources */ = {isa = PBXBuildFile; fileRef = 7175EF4F1F5AA325007A73AF /* NSObjectExtension.swift */; };
		7175EF521F5AA397007A73AF /* UIViewExtension.swift in Sources */ = {isa = PBXBuildFile; fileRef = 7175EF511F5AA397007A73AF /* UIViewExtension.swift */; };
		7175EF541F5AA40C007A73AF /* UIViewControllerExtension.swift in Sources */ = {isa = PBXBuildFile; fileRef = 7175EF531F5AA40C007A73AF /* UIViewControllerExtension.swift */; };
		7175EF571F5AA743007A73AF /* Transition.swift in Sources */ = {isa = PBXBuildFile; fileRef = 7175EF561F5AA743007A73AF /* Transition.swift */; };
		7175EF5A1F5AA93F007A73AF /* DestinationImageView.swift in Sources */ = {isa = PBXBuildFile; fileRef = 7175EF591F5AA93F007A73AF /* DestinationImageView.swift */; };
		7175EF5D1F5AAAA7007A73AF /* ResultViewController.swift in Sources */ = {isa = PBXBuildFile; fileRef = 7175EF5B1F5AAAA7007A73AF /* ResultViewController.swift */; };
		7175EF5E1F5AAAA7007A73AF /* ResultViewController.xib in Resources */ = {isa = PBXBuildFile; fileRef = 7175EF5C1F5AAAA7007A73AF /* ResultViewController.xib */; };
		7175EF601F5AAAB5007A73AF /* Button.swift in Sources */ = {isa = PBXBuildFile; fileRef = 7175EF5F1F5AAAB5007A73AF /* Button.swift */; };
		719B664D1F5AA0B3007BA408 /* AppDelegate.swift in Sources */ = {isa = PBXBuildFile; fileRef = 719B664C1F5AA0B3007BA408 /* AppDelegate.swift */; };
		719B664F1F5AA0B3007BA408 /* TopViewController.swift in Sources */ = {isa = PBXBuildFile; fileRef = 719B664E1F5AA0B3007BA408 /* TopViewController.swift */; };
		719B66541F5AA0B3007BA408 /* Assets.xcassets in Resources */ = {isa = PBXBuildFile; fileRef = 719B66531F5AA0B3007BA408 /* Assets.xcassets */; };
		719B66571F5AA0B3007BA408 /* LaunchScreen.storyboard in Resources */ = {isa = PBXBuildFile; fileRef = 719B66551F5AA0B3007BA408 /* LaunchScreen.storyboard */; };
		719B66691F5AA210007BA408 /* ImageViewController.swift in Sources */ = {isa = PBXBuildFile; fileRef = 719B66671F5AA210007BA408 /* ImageViewController.swift */; };
		719B666A1F5AA210007BA408 /* ImageViewController.xib in Resources */ = {isa = PBXBuildFile; fileRef = 719B66681F5AA210007BA408 /* ImageViewController.xib */; };
		71A7A3DC1F5AB1B200A22496 /* DestinationFirstView.swift in Sources */ = {isa = PBXBuildFile; fileRef = 71A7A3DB1F5AB1B200A22496 /* DestinationFirstView.swift */; };
		71A7A3DF1F5ABCDD00A22496 /* InputDatasViewController.swift in Sources */ = {isa = PBXBuildFile; fileRef = 71A7A3DD1F5ABCDD00A22496 /* InputDatasViewController.swift */; };
		71A7A3E01F5ABCDD00A22496 /* InputDatasViewController.xib in Resources */ = {isa = PBXBuildFile; fileRef = 71A7A3DE1F5ABCDD00A22496 /* InputDatasViewController.xib */; };
		71A7A3E21F5ABD0C00A22496 /* DestinationInputDatasView.swift in Sources */ = {isa = PBXBuildFile; fileRef = 71A7A3E11F5ABD0C00A22496 /* DestinationInputDatasView.swift */; };
		71A7A3E51F5ABEB800A22496 /* InputDatasCollectionView.swift in Sources */ = {isa = PBXBuildFile; fileRef = 71A7A3E41F5ABEB800A22496 /* InputDatasCollectionView.swift */; };
		71A7A3E91F5ABFAF00A22496 /* UICollectionViewExtension.swift in Sources */ = {isa = PBXBuildFile; fileRef = 71A7A3E81F5ABFAF00A22496 /* UICollectionViewExtension.swift */; };
		71A7A3EB1F5ABFD000A22496 /* UITextFieldExtension.swift in Sources */ = {isa = PBXBuildFile; fileRef = 71A7A3EA1F5ABFD000A22496 /* UITextFieldExtension.swift */; };
		71A7A3EF1F5AC04600A22496 /* InputDatasCollectionViewCell.swift in Sources */ = {isa = PBXBuildFile; fileRef = 71A7A3ED1F5AC04600A22496 /* InputDatasCollectionViewCell.swift */; };
		71A7A3F01F5AC04600A22496 /* InputDatasCollectionViewCell.xib in Resources */ = {isa = PBXBuildFile; fileRef = 71A7A3EE1F5AC04600A22496 /* InputDatasCollectionViewCell.xib */; };
		71B77FCD1F5C2E2700E4C80B /* ResultCollectionView.swift in Sources */ = {isa = PBXBuildFile; fileRef = 71B77FCC1F5C2E2700E4C80B /* ResultCollectionView.swift */; };
		71B77FD11F5C2EB400E4C80B /* ResultContentsCollectionViewCell.swift in Sources */ = {isa = PBXBuildFile; fileRef = 71B77FCF1F5C2EB400E4C80B /* ResultContentsCollectionViewCell.swift */; };
		71B77FD21F5C2EB400E4C80B /* ResultContentsCollectionViewCell.xib in Resources */ = {isa = PBXBuildFile; fileRef = 71B77FD01F5C2EB400E4C80B /* ResultContentsCollectionViewCell.xib */; };
		71B77FD51F5C330300E4C80B /* ResultToolsCollectionViewCell.swift in Sources */ = {isa = PBXBuildFile; fileRef = 71B77FD31F5C330300E4C80B /* ResultToolsCollectionViewCell.swift */; };
		71B77FD61F5C330300E4C80B /* ResultToolsCollectionViewCell.xib in Resources */ = {isa = PBXBuildFile; fileRef = 71B77FD41F5C330300E4C80B /* ResultToolsCollectionViewCell.xib */; };
		71D2C2361F91F95600E825F3 /* HuffmanSession.swift in Sources */ = {isa = PBXBuildFile; fileRef = 71D2C2351F91F95600E825F3 /* HuffmanSession.swift */; };
		71D2C2391F91F9B000E825F3 /* HuffmanResponse.swift in Sources */ = {isa = PBXBuildFile; fileRef = 71D2C2381F91F9B000E825F3 /* HuffmanResponse.swift */; };
		71D2C23B1F91F9E000E825F3 /* HuffmanRequest.swift in Sources */ = {isa = PBXBuildFile; fileRef = 71D2C23A1F91F9E000E825F3 /* HuffmanRequest.swift */; };
		71D5B74F1F91BE4F00BDAE43 /* TopViewController.xib in Resources */ = {isa = PBXBuildFile; fileRef = 71D5B74E1F91BE4F00BDAE43 /* TopViewController.xib */; };
		71D5B7521F91C35800BDAE43 /* FirstViewController.xib in Resources */ = {isa = PBXBuildFile; fileRef = 71D5B7501F91C35700BDAE43 /* FirstViewController.xib */; };
		71D5B7531F91C35800BDAE43 /* FirstViewController.swift in Sources */ = {isa = PBXBuildFile; fileRef = 71D5B7511F91C35800BDAE43 /* FirstViewController.swift */; };
		71DCA89B1F5AD50100894BA3 /* InputDatasAction.swift in Sources */ = {isa = PBXBuildFile; fileRef = 71DCA89A1F5AD50100894BA3 /* InputDatasAction.swift */; };
		71DCA89D1F5AE17800894BA3 /* DestinationResultView.swift in Sources */ = {isa = PBXBuildFile; fileRef = 71DCA89C1F5AE17800894BA3 /* DestinationResultView.swift */; };
		774D374AE8B5DB9026B1F919 /* Pods_HuffmanCode_iOS.framework in Frameworks */ = {isa = PBXBuildFile; fileRef = 67C3FBEF395073E92539F75B /* Pods_HuffmanCode_iOS.framework */; };
		CE3C66CC202802F100218A57 /* HuffmanCode_iOSTests.swift in Sources */ = {isa = PBXBuildFile; fileRef = CE3C66CB202802F100218A57 /* HuffmanCode_iOSTests.swift */; };
		CE6088802004C7970057094C /* CoderTableViewCell.swift in Sources */ = {isa = PBXBuildFile; fileRef = CE60887E2004C7970057094C /* CoderTableViewCell.swift */; };
		CE6088812004C7970057094C /* CoderTableViewCell.xib in Resources */ = {isa = PBXBuildFile; fileRef = CE60887F2004C7970057094C /* CoderTableViewCell.xib */; };
		CE6088832004C95D0057094C /* EncoderViewController+UITableView.swift in Sources */ = {isa = PBXBuildFile; fileRef = CE6088822004C95D0057094C /* EncoderViewController+UITableView.swift */; };
		CE832F161F7751560064A2EE /* Huffman.swift in Sources */ = {isa = PBXBuildFile; fileRef = CE832F151F7751560064A2EE /* Huffman.swift */; };
		CE87747F200F2E170059057A /* DecodeViewController+UITableView.swift in Sources */ = {isa = PBXBuildFile; fileRef = CE87747E200F2E170059057A /* DecodeViewController+UITableView.swift */; };
/* End PBXBuildFile section */

/* Begin PBXContainerItemProxy section */
		CE3C66CE202802F100218A57 /* PBXContainerItemProxy */ = {
			isa = PBXContainerItemProxy;
			containerPortal = 719B66411F5AA0B3007BA408 /* Project object */;
			proxyType = 1;
			remoteGlobalIDString = 719B66481F5AA0B3007BA408;
			remoteInfo = "HuffmanCode-iOS";
		};
/* End PBXContainerItemProxy section */

/* Begin PBXCopyFilesBuildPhase section */
		717603981F63879400272C96 /* Embed Frameworks */ = {
			isa = PBXCopyFilesBuildPhase;
			buildActionMask = 2147483647;
			dstPath = "";
			dstSubfolderSpec = 10;
			files = (
			);
			name = "Embed Frameworks";
			runOnlyForDeploymentPostprocessing = 0;
		};
/* End PBXCopyFilesBuildPhase section */

/* Begin PBXFileReference section */
		27CCD88E94EBBB1D29CD1E5E /* Pods-HuffmanCode-iOS.debug.xcconfig */ = {isa = PBXFileReference; includeInIndex = 1; lastKnownFileType = text.xcconfig; name = "Pods-HuffmanCode-iOS.debug.xcconfig"; path = "Pods/Target Support Files/Pods-HuffmanCode-iOS/Pods-HuffmanCode-iOS.debug.xcconfig"; sourceTree = "<group>"; };
		67C3FBEF395073E92539F75B /* Pods_HuffmanCode_iOS.framework */ = {isa = PBXFileReference; explicitFileType = wrapper.framework; includeInIndex = 0; path = Pods_HuffmanCode_iOS.framework; sourceTree = BUILT_PRODUCTS_DIR; };
		713F023C1F640907002F78C1 /* HuffmanAPI.swift */ = {isa = PBXFileReference; lastKnownFileType = sourcecode.swift; path = HuffmanAPI.swift; sourceTree = "<group>"; };
		714694381F5AEB29007E2555 /* DecoderViewController.swift */ = {isa = PBXFileReference; lastKnownFileType = sourcecode.swift; path = DecoderViewController.swift; sourceTree = "<group>"; };
		714694391F5AEB29007E2555 /* DecoderViewController.xib */ = {isa = PBXFileReference; lastKnownFileType = file.xib; path = DecoderViewController.xib; sourceTree = "<group>"; };
		7146943C1F5AEB46007E2555 /* EncoderViewController.swift */ = {isa = PBXFileReference; lastKnownFileType = sourcecode.swift; path = EncoderViewController.swift; sourceTree = "<group>"; };
		7146943D1F5AEB46007E2555 /* EncoderViewController.xib */ = {isa = PBXFileReference; lastKnownFileType = file.xib; path = EncoderViewController.xib; sourceTree = "<group>"; };
		714694401F5AF413007E2555 /* DestinationEncoderView.swift */ = {isa = PBXFileReference; lastKnownFileType = sourcecode.swift; path = DestinationEncoderView.swift; sourceTree = "<group>"; };
		714694441F5B08B6007E2555 /* DestinationDecoderView.swift */ = {isa = PBXFileReference; lastKnownFileType = sourcecode.swift; path = DestinationDecoderView.swift; sourceTree = "<group>"; };
		7175EF4F1F5AA325007A73AF /* NSObjectExtension.swift */ = {isa = PBXFileReference; lastKnownFileType = sourcecode.swift; path = NSObjectExtension.swift; sourceTree = "<group>"; };
		7175EF511F5AA397007A73AF /* UIViewExtension.swift */ = {isa = PBXFileReference; lastKnownFileType = sourcecode.swift; path = UIViewExtension.swift; sourceTree = "<group>"; };
		7175EF531F5AA40C007A73AF /* UIViewControllerExtension.swift */ = {isa = PBXFileReference; lastKnownFileType = sourcecode.swift; path = UIViewControllerExtension.swift; sourceTree = "<group>"; };
		7175EF561F5AA743007A73AF /* Transition.swift */ = {isa = PBXFileReference; lastKnownFileType = sourcecode.swift; path = Transition.swift; sourceTree = "<group>"; };
		7175EF591F5AA93F007A73AF /* DestinationImageView.swift */ = {isa = PBXFileReference; lastKnownFileType = sourcecode.swift; path = DestinationImageView.swift; sourceTree = "<group>"; };
		7175EF5B1F5AAAA7007A73AF /* ResultViewController.swift */ = {isa = PBXFileReference; lastKnownFileType = sourcecode.swift; path = ResultViewController.swift; sourceTree = "<group>"; };
		7175EF5C1F5AAAA7007A73AF /* ResultViewController.xib */ = {isa = PBXFileReference; lastKnownFileType = file.xib; path = ResultViewController.xib; sourceTree = "<group>"; };
		7175EF5F1F5AAAB5007A73AF /* Button.swift */ = {isa = PBXFileReference; lastKnownFileType = sourcecode.swift; path = Button.swift; sourceTree = "<group>"; };
		719B66491F5AA0B3007BA408 /* HuffmanCode-iOS.app */ = {isa = PBXFileReference; explicitFileType = wrapper.application; includeInIndex = 0; path = "HuffmanCode-iOS.app"; sourceTree = BUILT_PRODUCTS_DIR; };
		719B664C1F5AA0B3007BA408 /* AppDelegate.swift */ = {isa = PBXFileReference; lastKnownFileType = sourcecode.swift; path = AppDelegate.swift; sourceTree = "<group>"; };
		719B664E1F5AA0B3007BA408 /* TopViewController.swift */ = {isa = PBXFileReference; lastKnownFileType = sourcecode.swift; path = TopViewController.swift; sourceTree = "<group>"; };
		719B66531F5AA0B3007BA408 /* Assets.xcassets */ = {isa = PBXFileReference; lastKnownFileType = folder.assetcatalog; path = Assets.xcassets; sourceTree = "<group>"; };
		719B66561F5AA0B3007BA408 /* Base */ = {isa = PBXFileReference; lastKnownFileType = file.storyboard; name = Base; path = Base.lproj/LaunchScreen.storyboard; sourceTree = "<group>"; };
		719B66581F5AA0B3007BA408 /* Info.plist */ = {isa = PBXFileReference; lastKnownFileType = text.plist.xml; path = Info.plist; sourceTree = "<group>"; };
		719B66671F5AA210007BA408 /* ImageViewController.swift */ = {isa = PBXFileReference; fileEncoding = 4; lastKnownFileType = sourcecode.swift; path = ImageViewController.swift; sourceTree = "<group>"; };
		719B66681F5AA210007BA408 /* ImageViewController.xib */ = {isa = PBXFileReference; fileEncoding = 4; lastKnownFileType = file.xib; path = ImageViewController.xib; sourceTree = "<group>"; };
		71A7A3DB1F5AB1B200A22496 /* DestinationFirstView.swift */ = {isa = PBXFileReference; lastKnownFileType = sourcecode.swift; path = DestinationFirstView.swift; sourceTree = "<group>"; };
		71A7A3DD1F5ABCDD00A22496 /* InputDatasViewController.swift */ = {isa = PBXFileReference; lastKnownFileType = sourcecode.swift; path = InputDatasViewController.swift; sourceTree = "<group>"; };
		71A7A3DE1F5ABCDD00A22496 /* InputDatasViewController.xib */ = {isa = PBXFileReference; lastKnownFileType = file.xib; path = InputDatasViewController.xib; sourceTree = "<group>"; };
		71A7A3E11F5ABD0C00A22496 /* DestinationInputDatasView.swift */ = {isa = PBXFileReference; lastKnownFileType = sourcecode.swift; path = DestinationInputDatasView.swift; sourceTree = "<group>"; };
		71A7A3E41F5ABEB800A22496 /* InputDatasCollectionView.swift */ = {isa = PBXFileReference; lastKnownFileType = sourcecode.swift; path = InputDatasCollectionView.swift; sourceTree = "<group>"; };
		71A7A3E81F5ABFAF00A22496 /* UICollectionViewExtension.swift */ = {isa = PBXFileReference; lastKnownFileType = sourcecode.swift; path = UICollectionViewExtension.swift; sourceTree = "<group>"; };
		71A7A3EA1F5ABFD000A22496 /* UITextFieldExtension.swift */ = {isa = PBXFileReference; lastKnownFileType = sourcecode.swift; path = UITextFieldExtension.swift; sourceTree = "<group>"; };
		71A7A3ED1F5AC04600A22496 /* InputDatasCollectionViewCell.swift */ = {isa = PBXFileReference; lastKnownFileType = sourcecode.swift; path = InputDatasCollectionViewCell.swift; sourceTree = "<group>"; };
		71A7A3EE1F5AC04600A22496 /* InputDatasCollectionViewCell.xib */ = {isa = PBXFileReference; lastKnownFileType = file.xib; path = InputDatasCollectionViewCell.xib; sourceTree = "<group>"; };
		71B77FCC1F5C2E2700E4C80B /* ResultCollectionView.swift */ = {isa = PBXFileReference; lastKnownFileType = sourcecode.swift; path = ResultCollectionView.swift; sourceTree = "<group>"; };
		71B77FCF1F5C2EB400E4C80B /* ResultContentsCollectionViewCell.swift */ = {isa = PBXFileReference; lastKnownFileType = sourcecode.swift; path = ResultContentsCollectionViewCell.swift; sourceTree = "<group>"; };
		71B77FD01F5C2EB400E4C80B /* ResultContentsCollectionViewCell.xib */ = {isa = PBXFileReference; lastKnownFileType = file.xib; path = ResultContentsCollectionViewCell.xib; sourceTree = "<group>"; };
		71B77FD31F5C330300E4C80B /* ResultToolsCollectionViewCell.swift */ = {isa = PBXFileReference; lastKnownFileType = sourcecode.swift; path = ResultToolsCollectionViewCell.swift; sourceTree = "<group>"; };
		71B77FD41F5C330300E4C80B /* ResultToolsCollectionViewCell.xib */ = {isa = PBXFileReference; lastKnownFileType = file.xib; path = ResultToolsCollectionViewCell.xib; sourceTree = "<group>"; };
		71D2C2351F91F95600E825F3 /* HuffmanSession.swift */ = {isa = PBXFileReference; lastKnownFileType = sourcecode.swift; path = HuffmanSession.swift; sourceTree = "<group>"; };
		71D2C2381F91F9B000E825F3 /* HuffmanResponse.swift */ = {isa = PBXFileReference; lastKnownFileType = sourcecode.swift; path = HuffmanResponse.swift; sourceTree = "<group>"; };
		71D2C23A1F91F9E000E825F3 /* HuffmanRequest.swift */ = {isa = PBXFileReference; lastKnownFileType = sourcecode.swift; path = HuffmanRequest.swift; sourceTree = "<group>"; };
		71D5B74E1F91BE4F00BDAE43 /* TopViewController.xib */ = {isa = PBXFileReference; lastKnownFileType = file.xib; path = TopViewController.xib; sourceTree = "<group>"; };
		71D5B7501F91C35700BDAE43 /* FirstViewController.xib */ = {isa = PBXFileReference; fileEncoding = 4; lastKnownFileType = file.xib; path = FirstViewController.xib; sourceTree = "<group>"; };
		71D5B7511F91C35800BDAE43 /* FirstViewController.swift */ = {isa = PBXFileReference; fileEncoding = 4; lastKnownFileType = sourcecode.swift; path = FirstViewController.swift; sourceTree = "<group>"; };
		71DCA89A1F5AD50100894BA3 /* InputDatasAction.swift */ = {isa = PBXFileReference; lastKnownFileType = sourcecode.swift; path = InputDatasAction.swift; sourceTree = "<group>"; };
		71DCA89C1F5AE17800894BA3 /* DestinationResultView.swift */ = {isa = PBXFileReference; lastKnownFileType = sourcecode.swift; path = DestinationResultView.swift; sourceTree = "<group>"; };
		CE3C66C9202802F000218A57 /* HuffmanCode-iOSTests.xctest */ = {isa = PBXFileReference; explicitFileType = wrapper.cfbundle; includeInIndex = 0; path = "HuffmanCode-iOSTests.xctest"; sourceTree = BUILT_PRODUCTS_DIR; };
		CE3C66CB202802F100218A57 /* HuffmanCode_iOSTests.swift */ = {isa = PBXFileReference; lastKnownFileType = sourcecode.swift; path = HuffmanCode_iOSTests.swift; sourceTree = "<group>"; };
		CE3C66CD202802F100218A57 /* Info.plist */ = {isa = PBXFileReference; lastKnownFileType = text.plist.xml; path = Info.plist; sourceTree = "<group>"; };
		CE60887E2004C7970057094C /* CoderTableViewCell.swift */ = {isa = PBXFileReference; lastKnownFileType = sourcecode.swift; path = CoderTableViewCell.swift; sourceTree = "<group>"; };
		CE60887F2004C7970057094C /* CoderTableViewCell.xib */ = {isa = PBXFileReference; lastKnownFileType = file.xib; path = CoderTableViewCell.xib; sourceTree = "<group>"; };
		CE6088822004C95D0057094C /* EncoderViewController+UITableView.swift */ = {isa = PBXFileReference; lastKnownFileType = sourcecode.swift; path = "EncoderViewController+UITableView.swift"; sourceTree = "<group>"; };
		CE832F151F7751560064A2EE /* Huffman.swift */ = {isa = PBXFileReference; lastKnownFileType = sourcecode.swift; path = Huffman.swift; sourceTree = "<group>"; };
		CE87747E200F2E170059057A /* DecodeViewController+UITableView.swift */ = {isa = PBXFileReference; lastKnownFileType = sourcecode.swift; path = "DecodeViewController+UITableView.swift"; sourceTree = "<group>"; };
		EC30CEC045AAE5F9945E308E /* Pods-HuffmanCode-iOS.release.xcconfig */ = {isa = PBXFileReference; includeInIndex = 1; lastKnownFileType = text.xcconfig; name = "Pods-HuffmanCode-iOS.release.xcconfig"; path = "Pods/Target Support Files/Pods-HuffmanCode-iOS/Pods-HuffmanCode-iOS.release.xcconfig"; sourceTree = "<group>"; };
/* End PBXFileReference section */

/* Begin PBXFrameworksBuildPhase section */
		719B66461F5AA0B3007BA408 /* Frameworks */ = {
			isa = PBXFrameworksBuildPhase;
			buildActionMask = 2147483647;
			files = (
				774D374AE8B5DB9026B1F919 /* Pods_HuffmanCode_iOS.framework in Frameworks */,
			);
			runOnlyForDeploymentPostprocessing = 0;
		};
		CE3C66C6202802F000218A57 /* Frameworks */ = {
			isa = PBXFrameworksBuildPhase;
			buildActionMask = 2147483647;
			files = (
			);
			runOnlyForDeploymentPostprocessing = 0;
		};
/* End PBXFrameworksBuildPhase section */

/* Begin PBXGroup section */
		713F023B1F6408F9002F78C1 /* API */ = {
			isa = PBXGroup;
			children = (
				71D2C2371F91F99C00E825F3 /* Model */,
				71D2C2341F91F93D00E825F3 /* Service */,
				713F023C1F640907002F78C1 /* HuffmanAPI.swift */,
			);
			path = API;
			sourceTree = "<group>";
		};
		714694361F5AEAF4007E2555 /* Encoder */ = {
			isa = PBXGroup;
			children = (
				CE6088792004C5E20057094C /* TableView */,
				7146943C1F5AEB46007E2555 /* EncoderViewController.swift */,
				7146943D1F5AEB46007E2555 /* EncoderViewController.xib */,
				CE6088822004C95D0057094C /* EncoderViewController+UITableView.swift */,
			);
			path = Encoder;
			sourceTree = "<group>";
		};
		714694371F5AEAFD007E2555 /* Decoder */ = {
			isa = PBXGroup;
			children = (
				714694381F5AEB29007E2555 /* DecoderViewController.swift */,
				714694391F5AEB29007E2555 /* DecoderViewController.xib */,
				CE87747E200F2E170059057A /* DecodeViewController+UITableView.swift */,
			);
			path = Decoder;
			sourceTree = "<group>";
		};
		7175EF551F5AA733007A73AF /* Transition */ = {
			isa = PBXGroup;
			children = (
				7175EF581F5AA8D6007A73AF /* Destinations */,
				7175EF561F5AA743007A73AF /* Transition.swift */,
			);
			path = Transition;
			sourceTree = "<group>";
		};
		7175EF581F5AA8D6007A73AF /* Destinations */ = {
			isa = PBXGroup;
			children = (
				714694441F5B08B6007E2555 /* DestinationDecoderView.swift */,
				714694401F5AF413007E2555 /* DestinationEncoderView.swift */,
				71A7A3DB1F5AB1B200A22496 /* DestinationFirstView.swift */,
				7175EF591F5AA93F007A73AF /* DestinationImageView.swift */,
				71A7A3E11F5ABD0C00A22496 /* DestinationInputDatasView.swift */,
				71DCA89C1F5AE17800894BA3 /* DestinationResultView.swift */,
			);
			path = Destinations;
			sourceTree = "<group>";
		};
		719B66401F5AA0B3007BA408 = {
			isa = PBXGroup;
			children = (
				CE3C66CA202802F100218A57 /* HuffmanCode-iOSTests */,
				C92B6711D446649D28B7D1B3 /* Frameworks */,
				719B664B1F5AA0B3007BA408 /* HuffmanCode-iOS */,
				CE73A3317CECB82070AD608F /* Pods */,
				719B664A1F5AA0B3007BA408 /* Products */,
			);
			sourceTree = "<group>";
		};
		719B664A1F5AA0B3007BA408 /* Products */ = {
			isa = PBXGroup;
			children = (
				719B66491F5AA0B3007BA408 /* HuffmanCode-iOS.app */,
				CE3C66C9202802F000218A57 /* HuffmanCode-iOSTests.xctest */,
			);
			name = Products;
			sourceTree = "<group>";
		};
		719B664B1F5AA0B3007BA408 /* HuffmanCode-iOS */ = {
			isa = PBXGroup;
			children = (
				713F023B1F6408F9002F78C1 /* API */,
				71D5B74C1F91BA0A00BDAE43 /* Application */,
				71DCA89E1F5AE43700894BA3 /* Huffman */,
				71D5B74D1F91BA2100BDAE43 /* Resources */,
				71D5B74B1F91B9EA00BDAE43 /* Support */,
				719B665E1F5AA0C3007BA408 /* UI */,
			);
			path = "HuffmanCode-iOS";
			sourceTree = "<group>";
		};
		719B665E1F5AA0C3007BA408 /* UI */ = {
			isa = PBXGroup;
			children = (
				719B665F1F5AA0D4007BA408 /* Extension */,
				7175EF551F5AA733007A73AF /* Transition */,
				719B66621F5AA101007BA408 /* View */,
				719B66601F5AA0D9007BA408 /* ViewController */,
			);
			path = UI;
			sourceTree = "<group>";
		};
		719B665F1F5AA0D4007BA408 /* Extension */ = {
			isa = PBXGroup;
			children = (
				7175EF4F1F5AA325007A73AF /* NSObjectExtension.swift */,
				71A7A3E81F5ABFAF00A22496 /* UICollectionViewExtension.swift */,
				71A7A3EA1F5ABFD000A22496 /* UITextFieldExtension.swift */,
				7175EF531F5AA40C007A73AF /* UIViewControllerExtension.swift */,
				7175EF511F5AA397007A73AF /* UIViewExtension.swift */,
			);
			path = Extension;
			sourceTree = "<group>";
		};
		719B66601F5AA0D9007BA408 /* ViewController */ = {
			isa = PBXGroup;
			children = (
				714694371F5AEAFD007E2555 /* Decoder */,
				714694361F5AEAF4007E2555 /* Encoder */,
				719B66611F5AA0DA007BA408 /* First */,
				719B66661F5AA1FB007BA408 /* Image */,
				719B66641F5AA1C6007BA408 /* InputDatas */,
				719B66651F5AA1E7007BA408 /* Result */,
				719B66631F5AA1B0007BA408 /* Top */,
			);
			path = ViewController;
			sourceTree = "<group>";
		};
		719B66611F5AA0DA007BA408 /* First */ = {
			isa = PBXGroup;
			children = (
				71D5B7511F91C35800BDAE43 /* FirstViewController.swift */,
				71D5B7501F91C35700BDAE43 /* FirstViewController.xib */,
			);
			path = First;
			sourceTree = "<group>";
		};
		719B66621F5AA101007BA408 /* View */ = {
			isa = PBXGroup;
			children = (
				7175EF5F1F5AAAB5007A73AF /* Button.swift */,
			);
			path = View;
			sourceTree = "<group>";
		};
		719B66631F5AA1B0007BA408 /* Top */ = {
			isa = PBXGroup;
			children = (
				719B664E1F5AA0B3007BA408 /* TopViewController.swift */,
				71D5B74E1F91BE4F00BDAE43 /* TopViewController.xib */,
			);
			path = Top;
			sourceTree = "<group>";
		};
		719B66641F5AA1C6007BA408 /* InputDatas */ = {
			isa = PBXGroup;
			children = (
				71A7A3E31F5ABE8E00A22496 /* Contents */,
				71A7A3DD1F5ABCDD00A22496 /* InputDatasViewController.swift */,
				71A7A3DE1F5ABCDD00A22496 /* InputDatasViewController.xib */,
			);
			path = InputDatas;
			sourceTree = "<group>";
		};
		719B66651F5AA1E7007BA408 /* Result */ = {
			isa = PBXGroup;
			children = (
				71B77FCE1F5C2E8500E4C80B /* Cells */,
				71B77FCC1F5C2E2700E4C80B /* ResultCollectionView.swift */,
				7175EF5B1F5AAAA7007A73AF /* ResultViewController.swift */,
				7175EF5C1F5AAAA7007A73AF /* ResultViewController.xib */,
			);
			path = Result;
			sourceTree = "<group>";
		};
		719B66661F5AA1FB007BA408 /* Image */ = {
			isa = PBXGroup;
			children = (
				719B66671F5AA210007BA408 /* ImageViewController.swift */,
				719B66681F5AA210007BA408 /* ImageViewController.xib */,
			);
			path = Image;
			sourceTree = "<group>";
		};
		71A7A3E31F5ABE8E00A22496 /* Contents */ = {
			isa = PBXGroup;
			children = (
				71A7A3EC1F5AC02900A22496 /* Cell */,
				71DCA89A1F5AD50100894BA3 /* InputDatasAction.swift */,
				71A7A3E41F5ABEB800A22496 /* InputDatasCollectionView.swift */,
			);
			path = Contents;
			sourceTree = "<group>";
		};
		71A7A3EC1F5AC02900A22496 /* Cell */ = {
			isa = PBXGroup;
			children = (
				71A7A3ED1F5AC04600A22496 /* InputDatasCollectionViewCell.swift */,
				71A7A3EE1F5AC04600A22496 /* InputDatasCollectionViewCell.xib */,
			);
			path = Cell;
			sourceTree = "<group>";
		};
		71B77FCE1F5C2E8500E4C80B /* Cells */ = {
			isa = PBXGroup;
			children = (
				71B77FCF1F5C2EB400E4C80B /* ResultContentsCollectionViewCell.swift */,
				71B77FD01F5C2EB400E4C80B /* ResultContentsCollectionViewCell.xib */,
				71B77FD31F5C330300E4C80B /* ResultToolsCollectionViewCell.swift */,
				71B77FD41F5C330300E4C80B /* ResultToolsCollectionViewCell.xib */,
			);
			path = Cells;
			sourceTree = "<group>";
		};
		71D2C2341F91F93D00E825F3 /* Service */ = {
			isa = PBXGroup;
			children = (
				71D2C2351F91F95600E825F3 /* HuffmanSession.swift */,
				71D2C23A1F91F9E000E825F3 /* HuffmanRequest.swift */,
			);
			path = Service;
			sourceTree = "<group>";
		};
		71D2C2371F91F99C00E825F3 /* Model */ = {
			isa = PBXGroup;
			children = (
				71D2C2381F91F9B000E825F3 /* HuffmanResponse.swift */,
			);
			path = Model;
			sourceTree = "<group>";
		};
		71D5B74B1F91B9EA00BDAE43 /* Support */ = {
			isa = PBXGroup;
			children = (
				719B66581F5AA0B3007BA408 /* Info.plist */,
				719B66551F5AA0B3007BA408 /* LaunchScreen.storyboard */,
			);
			path = Support;
			sourceTree = "<group>";
		};
		71D5B74C1F91BA0A00BDAE43 /* Application */ = {
			isa = PBXGroup;
			children = (
				719B664C1F5AA0B3007BA408 /* AppDelegate.swift */,
			);
			path = Application;
			sourceTree = "<group>";
		};
		71D5B74D1F91BA2100BDAE43 /* Resources */ = {
			isa = PBXGroup;
			children = (
				719B66531F5AA0B3007BA408 /* Assets.xcassets */,
			);
			path = Resources;
			sourceTree = "<group>";
		};
		71DCA89E1F5AE43700894BA3 /* Huffman */ = {
			isa = PBXGroup;
			children = (
				CE832F151F7751560064A2EE /* Huffman.swift */,
			);
			path = Huffman;
			sourceTree = "<group>";
		};
		C92B6711D446649D28B7D1B3 /* Frameworks */ = {
			isa = PBXGroup;
			children = (
				67C3FBEF395073E92539F75B /* Pods_HuffmanCode_iOS.framework */,
			);
			name = Frameworks;
			sourceTree = "<group>";
		};
		CE3C66CA202802F100218A57 /* HuffmanCode-iOSTests */ = {
			isa = PBXGroup;
			children = (
				CE3C66CB202802F100218A57 /* HuffmanCode_iOSTests.swift */,
				CE3C66CD202802F100218A57 /* Info.plist */,
			);
			path = "HuffmanCode-iOSTests";
			sourceTree = "<group>";
		};
		CE6088792004C5E20057094C /* TableView */ = {
			isa = PBXGroup;
			children = (
				CE60887E2004C7970057094C /* CoderTableViewCell.swift */,
				CE60887F2004C7970057094C /* CoderTableViewCell.xib */,
			);
			path = TableView;
			sourceTree = "<group>";
		};
		CE73A3317CECB82070AD608F /* Pods */ = {
			isa = PBXGroup;
			children = (
				27CCD88E94EBBB1D29CD1E5E /* Pods-HuffmanCode-iOS.debug.xcconfig */,
				EC30CEC045AAE5F9945E308E /* Pods-HuffmanCode-iOS.release.xcconfig */,
			);
			name = Pods;
			sourceTree = "<group>";
		};
/* End PBXGroup section */

/* Begin PBXNativeTarget section */
		719B66481F5AA0B3007BA408 /* HuffmanCode-iOS */ = {
			isa = PBXNativeTarget;
			buildConfigurationList = 719B665B1F5AA0B3007BA408 /* Build configuration list for PBXNativeTarget "HuffmanCode-iOS" */;
			buildPhases = (
				89CB5AA66D15BAD4BF3CCEED /* [CP] Check Pods Manifest.lock */,
				719B66451F5AA0B3007BA408 /* Sources */,
				719B66461F5AA0B3007BA408 /* Frameworks */,
				719B66471F5AA0B3007BA408 /* Resources */,
				717603981F63879400272C96 /* Embed Frameworks */,
				4F0F89D230DF1586012AF03F /* [CP] Embed Pods Frameworks */,
				B4CE9442E8379E70A34D663B /* [CP] Copy Pods Resources */,
			);
			buildRules = (
			);
			dependencies = (
			);
			name = "HuffmanCode-iOS";
			productName = "HuffmanCode-iOS";
			productReference = 719B66491F5AA0B3007BA408 /* HuffmanCode-iOS.app */;
			productType = "com.apple.product-type.application";
		};
		CE3C66C8202802F000218A57 /* HuffmanCode-iOSTests */ = {
			isa = PBXNativeTarget;
			buildConfigurationList = CE3C66D2202802F100218A57 /* Build configuration list for PBXNativeTarget "HuffmanCode-iOSTests" */;
			buildPhases = (
				CE3C66C5202802F000218A57 /* Sources */,
				CE3C66C6202802F000218A57 /* Frameworks */,
				CE3C66C7202802F000218A57 /* Resources */,
			);
			buildRules = (
			);
			dependencies = (
				CE3C66CF202802F100218A57 /* PBXTargetDependency */,
			);
			name = "HuffmanCode-iOSTests";
			productName = "HuffmanCode-iOSTests";
			productReference = CE3C66C9202802F000218A57 /* HuffmanCode-iOSTests.xctest */;
			productType = "com.apple.product-type.bundle.unit-test";
		};
/* End PBXNativeTarget section */

/* Begin PBXProject section */
		719B66411F5AA0B3007BA408 /* Project object */ = {
			isa = PBXProject;
			attributes = {
				LastSwiftUpdateCheck = 0920;
				LastUpgradeCheck = 0900;
				ORGANIZATIONNAME = yochio;
				TargetAttributes = {
					719B66481F5AA0B3007BA408 = {
						CreatedOnToolsVersion = 8.3.3;
						DevelopmentTeam = X25KZ54NYC;
						LastSwiftMigration = 0900;
						ProvisioningStyle = Manual;
					};
				};
			};
			buildConfigurationList = 719B66441F5AA0B3007BA408 /* Build configuration list for PBXProject "HuffmanCode-iOS" */;
			compatibilityVersion = "Xcode 3.2";
			developmentRegion = English;
			hasScannedForEncodings = 0;
			knownRegions = (
				en,
				Base,
			);
			mainGroup = 719B66401F5AA0B3007BA408;
			productRefGroup = 719B664A1F5AA0B3007BA408 /* Products */;
			projectDirPath = "";
			projectRoot = "";
			targets = (
				719B66481F5AA0B3007BA408 /* HuffmanCode-iOS */,
				CE3C66C8202802F000218A57 /* HuffmanCode-iOSTests */,
			);
		};
/* End PBXProject section */

/* Begin PBXResourcesBuildPhase section */
		719B66471F5AA0B3007BA408 /* Resources */ = {
			isa = PBXResourcesBuildPhase;
			buildActionMask = 2147483647;
			files = (
				719B66571F5AA0B3007BA408 /* LaunchScreen.storyboard in Resources */,
				7146943F1F5AEB46007E2555 /* EncoderViewController.xib in Resources */,
				7146943B1F5AEB29007E2555 /* DecoderViewController.xib in Resources */,
				71D5B74F1F91BE4F00BDAE43 /* TopViewController.xib in Resources */,
				71A7A3F01F5AC04600A22496 /* InputDatasCollectionViewCell.xib in Resources */,
				719B66541F5AA0B3007BA408 /* Assets.xcassets in Resources */,
				71A7A3E01F5ABCDD00A22496 /* InputDatasViewController.xib in Resources */,
				CE6088812004C7970057094C /* CoderTableViewCell.xib in Resources */,
				71D5B7521F91C35800BDAE43 /* FirstViewController.xib in Resources */,
				71B77FD61F5C330300E4C80B /* ResultToolsCollectionViewCell.xib in Resources */,
				719B666A1F5AA210007BA408 /* ImageViewController.xib in Resources */,
				7175EF5E1F5AAAA7007A73AF /* ResultViewController.xib in Resources */,
				71B77FD21F5C2EB400E4C80B /* ResultContentsCollectionViewCell.xib in Resources */,
			);
			runOnlyForDeploymentPostprocessing = 0;
		};
		CE3C66C7202802F000218A57 /* Resources */ = {
			isa = PBXResourcesBuildPhase;
			buildActionMask = 2147483647;
			files = (
			);
			runOnlyForDeploymentPostprocessing = 0;
		};
/* End PBXResourcesBuildPhase section */

/* Begin PBXShellScriptBuildPhase section */
		4F0F89D230DF1586012AF03F /* [CP] Embed Pods Frameworks */ = {
			isa = PBXShellScriptBuildPhase;
			buildActionMask = 2147483647;
			files = (
			);
			inputPaths = (
				"${SRCROOT}/Pods/Target Support Files/Pods-HuffmanCode-iOS/Pods-HuffmanCode-iOS-frameworks.sh",
				"${BUILT_PRODUCTS_DIR}/APIKit/APIKit.framework",
				"${BUILT_PRODUCTS_DIR}/Result/Result.framework",
				"${BUILT_PRODUCTS_DIR}/SDWebImage/SDWebImage.framework",
			);
			name = "[CP] Embed Pods Frameworks";
			outputPaths = (
				"${TARGET_BUILD_DIR}/${FRAMEWORKS_FOLDER_PATH}/APIKit.framework",
				"${TARGET_BUILD_DIR}/${FRAMEWORKS_FOLDER_PATH}/Result.framework",
				"${TARGET_BUILD_DIR}/${FRAMEWORKS_FOLDER_PATH}/SDWebImage.framework",
			);
			runOnlyForDeploymentPostprocessing = 0;
			shellPath = /bin/sh;
			shellScript = "\"${SRCROOT}/Pods/Target Support Files/Pods-HuffmanCode-iOS/Pods-HuffmanCode-iOS-frameworks.sh\"\n";
			showEnvVarsInLog = 0;
		};
		89CB5AA66D15BAD4BF3CCEED /* [CP] Check Pods Manifest.lock */ = {
			isa = PBXShellScriptBuildPhase;
			buildActionMask = 2147483647;
			files = (
			);
			inputPaths = (
				"${PODS_PODFILE_DIR_PATH}/Podfile.lock",
				"${PODS_ROOT}/Manifest.lock",
			);
			name = "[CP] Check Pods Manifest.lock";
			outputPaths = (
				"$(DERIVED_FILE_DIR)/Pods-HuffmanCode-iOS-checkManifestLockResult.txt",
			);
			runOnlyForDeploymentPostprocessing = 0;
			shellPath = /bin/sh;
			shellScript = "diff \"${PODS_PODFILE_DIR_PATH}/Podfile.lock\" \"${PODS_ROOT}/Manifest.lock\" > /dev/null\nif [ $? != 0 ] ; then\n    # print error to STDERR\n    echo \"error: The sandbox is not in sync with the Podfile.lock. Run 'pod install' or update your CocoaPods installation.\" >&2\n    exit 1\nfi\n# This output is used by Xcode 'outputs' to avoid re-running this script phase.\necho \"SUCCESS\" > \"${SCRIPT_OUTPUT_FILE_0}\"\n";
			showEnvVarsInLog = 0;
		};
		B4CE9442E8379E70A34D663B /* [CP] Copy Pods Resources */ = {
			isa = PBXShellScriptBuildPhase;
			buildActionMask = 2147483647;
			files = (
			);
			inputPaths = (
			);
			name = "[CP] Copy Pods Resources";
			outputPaths = (
			);
			runOnlyForDeploymentPostprocessing = 0;
			shellPath = /bin/sh;
			shellScript = "\"${SRCROOT}/Pods/Target Support Files/Pods-HuffmanCode-iOS/Pods-HuffmanCode-iOS-resources.sh\"\n";
			showEnvVarsInLog = 0;
		};
/* End PBXShellScriptBuildPhase section */

/* Begin PBXSourcesBuildPhase section */
		719B66451F5AA0B3007BA408 /* Sources */ = {
			isa = PBXSourcesBuildPhase;
			buildActionMask = 2147483647;
			files = (
				714694451F5B08B6007E2555 /* DestinationDecoderView.swift in Sources */,
				CE832F161F7751560064A2EE /* Huffman.swift in Sources */,
				71B77FD11F5C2EB400E4C80B /* ResultContentsCollectionViewCell.swift in Sources */,
				71A7A3E21F5ABD0C00A22496 /* DestinationInputDatasView.swift in Sources */,
				71A7A3E51F5ABEB800A22496 /* InputDatasCollectionView.swift in Sources */,
				7175EF571F5AA743007A73AF /* Transition.swift in Sources */,
				71B77FD51F5C330300E4C80B /* ResultToolsCollectionViewCell.swift in Sources */,
				71A7A3EF1F5AC04600A22496 /* InputDatasCollectionViewCell.swift in Sources */,
				7175EF521F5AA397007A73AF /* UIViewExtension.swift in Sources */,
				719B664F1F5AA0B3007BA408 /* TopViewController.swift in Sources */,
				71D5B7531F91C35800BDAE43 /* FirstViewController.swift in Sources */,
				71A7A3EB1F5ABFD000A22496 /* UITextFieldExtension.swift in Sources */,
				7175EF541F5AA40C007A73AF /* UIViewControllerExtension.swift in Sources */,
				71B77FCD1F5C2E2700E4C80B /* ResultCollectionView.swift in Sources */,
				7146943E1F5AEB46007E2555 /* EncoderViewController.swift in Sources */,
				719B66691F5AA210007BA408 /* ImageViewController.swift in Sources */,
				713F023D1F640907002F78C1 /* HuffmanAPI.swift in Sources */,
				71D2C2391F91F9B000E825F3 /* HuffmanResponse.swift in Sources */,
				7175EF601F5AAAB5007A73AF /* Button.swift in Sources */,
				CE6088802004C7970057094C /* CoderTableViewCell.swift in Sources */,
				71D2C2361F91F95600E825F3 /* HuffmanSession.swift in Sources */,
				7175EF5A1F5AA93F007A73AF /* DestinationImageView.swift in Sources */,
				714694411F5AF413007E2555 /* DestinationEncoderView.swift in Sources */,
				CE87747F200F2E170059057A /* DecodeViewController+UITableView.swift in Sources */,
				7146943A1F5AEB29007E2555 /* DecoderViewController.swift in Sources */,
				719B664D1F5AA0B3007BA408 /* AppDelegate.swift in Sources */,
				7175EF501F5AA325007A73AF /* NSObjectExtension.swift in Sources */,
				7175EF5D1F5AAAA7007A73AF /* ResultViewController.swift in Sources */,
				71DCA89D1F5AE17800894BA3 /* DestinationResultView.swift in Sources */,
				71A7A3E91F5ABFAF00A22496 /* UICollectionViewExtension.swift in Sources */,
				71DCA89B1F5AD50100894BA3 /* InputDatasAction.swift in Sources */,
				71D2C23B1F91F9E000E825F3 /* HuffmanRequest.swift in Sources */,
				71A7A3DC1F5AB1B200A22496 /* DestinationFirstView.swift in Sources */,
				71A7A3DF1F5ABCDD00A22496 /* InputDatasViewController.swift in Sources */,
				CE6088832004C95D0057094C /* EncoderViewController+UITableView.swift in Sources */,
			);
			runOnlyForDeploymentPostprocessing = 0;
		};
		CE3C66C5202802F000218A57 /* Sources */ = {
			isa = PBXSourcesBuildPhase;
			buildActionMask = 2147483647;
			files = (
				CE3C66CC202802F100218A57 /* HuffmanCode_iOSTests.swift in Sources */,
			);
			runOnlyForDeploymentPostprocessing = 0;
		};
/* End PBXSourcesBuildPhase section */

/* Begin PBXTargetDependency section */
		CE3C66CF202802F100218A57 /* PBXTargetDependency */ = {
			isa = PBXTargetDependency;
			target = 719B66481F5AA0B3007BA408 /* HuffmanCode-iOS */;
			targetProxy = CE3C66CE202802F100218A57 /* PBXContainerItemProxy */;
		};
/* End PBXTargetDependency section */

/* Begin PBXVariantGroup section */
		719B66551F5AA0B3007BA408 /* LaunchScreen.storyboard */ = {
			isa = PBXVariantGroup;
			children = (
				719B66561F5AA0B3007BA408 /* Base */,
			);
			name = LaunchScreen.storyboard;
			path = .;
			sourceTree = "<group>";
		};
/* End PBXVariantGroup section */

/* Begin XCBuildConfiguration section */
		719B66591F5AA0B3007BA408 /* Debug */ = {
			isa = XCBuildConfiguration;
			buildSettings = {
				ALWAYS_SEARCH_USER_PATHS = NO;
				CLANG_ANALYZER_NONNULL = YES;
				CLANG_ANALYZER_NUMBER_OBJECT_CONVERSION = YES_AGGRESSIVE;
				CLANG_CXX_LANGUAGE_STANDARD = "gnu++0x";
				CLANG_CXX_LIBRARY = "libc++";
				CLANG_ENABLE_MODULES = YES;
				CLANG_ENABLE_OBJC_ARC = YES;
				CLANG_WARN_BLOCK_CAPTURE_AUTORELEASING = YES;
				CLANG_WARN_BOOL_CONVERSION = YES;
				CLANG_WARN_COMMA = YES;
				CLANG_WARN_CONSTANT_CONVERSION = YES;
				CLANG_WARN_DIRECT_OBJC_ISA_USAGE = YES_ERROR;
				CLANG_WARN_DOCUMENTATION_COMMENTS = YES;
				CLANG_WARN_EMPTY_BODY = YES;
				CLANG_WARN_ENUM_CONVERSION = YES;
				CLANG_WARN_INFINITE_RECURSION = YES;
				CLANG_WARN_INT_CONVERSION = YES;
				CLANG_WARN_NON_LITERAL_NULL_CONVERSION = YES;
				CLANG_WARN_OBJC_LITERAL_CONVERSION = YES;
				CLANG_WARN_OBJC_ROOT_CLASS = YES_ERROR;
				CLANG_WARN_RANGE_LOOP_ANALYSIS = YES;
				CLANG_WARN_STRICT_PROTOTYPES = YES;
				CLANG_WARN_SUSPICIOUS_MOVE = YES;
				CLANG_WARN_UNREACHABLE_CODE = YES;
				CLANG_WARN__DUPLICATE_METHOD_MATCH = YES;
				"CODE_SIGN_IDENTITY[sdk=iphoneos*]" = "iPhone Developer";
				COPY_PHASE_STRIP = NO;
				DEBUG_INFORMATION_FORMAT = dwarf;
				ENABLE_STRICT_OBJC_MSGSEND = YES;
				ENABLE_TESTABILITY = YES;
				GCC_C_LANGUAGE_STANDARD = gnu99;
				GCC_DYNAMIC_NO_PIC = NO;
				GCC_NO_COMMON_BLOCKS = YES;
				GCC_OPTIMIZATION_LEVEL = 0;
				GCC_PREPROCESSOR_DEFINITIONS = (
					"DEBUG=1",
					"$(inherited)",
				);
				GCC_WARN_64_TO_32_BIT_CONVERSION = YES;
				GCC_WARN_ABOUT_RETURN_TYPE = YES_ERROR;
				GCC_WARN_UNDECLARED_SELECTOR = YES;
				GCC_WARN_UNINITIALIZED_AUTOS = YES_AGGRESSIVE;
				GCC_WARN_UNUSED_FUNCTION = YES;
				GCC_WARN_UNUSED_VARIABLE = YES;
				IPHONEOS_DEPLOYMENT_TARGET = 10.3;
				MTL_ENABLE_DEBUG_INFO = YES;
				ONLY_ACTIVE_ARCH = YES;
				SDKROOT = iphoneos;
				SWIFT_ACTIVE_COMPILATION_CONDITIONS = DEBUG;
				SWIFT_OPTIMIZATION_LEVEL = "-Onone";
			};
			name = Debug;
		};
		719B665A1F5AA0B3007BA408 /* Release */ = {
			isa = XCBuildConfiguration;
			buildSettings = {
				ALWAYS_SEARCH_USER_PATHS = NO;
				CLANG_ANALYZER_NONNULL = YES;
				CLANG_ANALYZER_NUMBER_OBJECT_CONVERSION = YES_AGGRESSIVE;
				CLANG_CXX_LANGUAGE_STANDARD = "gnu++0x";
				CLANG_CXX_LIBRARY = "libc++";
				CLANG_ENABLE_MODULES = YES;
				CLANG_ENABLE_OBJC_ARC = YES;
				CLANG_WARN_BLOCK_CAPTURE_AUTORELEASING = YES;
				CLANG_WARN_BOOL_CONVERSION = YES;
				CLANG_WARN_COMMA = YES;
				CLANG_WARN_CONSTANT_CONVERSION = YES;
				CLANG_WARN_DIRECT_OBJC_ISA_USAGE = YES_ERROR;
				CLANG_WARN_DOCUMENTATION_COMMENTS = YES;
				CLANG_WARN_EMPTY_BODY = YES;
				CLANG_WARN_ENUM_CONVERSION = YES;
				CLANG_WARN_INFINITE_RECURSION = YES;
				CLANG_WARN_INT_CONVERSION = YES;
				CLANG_WARN_NON_LITERAL_NULL_CONVERSION = YES;
				CLANG_WARN_OBJC_LITERAL_CONVERSION = YES;
				CLANG_WARN_OBJC_ROOT_CLASS = YES_ERROR;
				CLANG_WARN_RANGE_LOOP_ANALYSIS = YES;
				CLANG_WARN_STRICT_PROTOTYPES = YES;
				CLANG_WARN_SUSPICIOUS_MOVE = YES;
				CLANG_WARN_UNREACHABLE_CODE = YES;
				CLANG_WARN__DUPLICATE_METHOD_MATCH = YES;
				"CODE_SIGN_IDENTITY[sdk=iphoneos*]" = "iPhone Developer";
				COPY_PHASE_STRIP = NO;
				DEBUG_INFORMATION_FORMAT = "dwarf-with-dsym";
				ENABLE_NS_ASSERTIONS = NO;
				ENABLE_STRICT_OBJC_MSGSEND = YES;
				GCC_C_LANGUAGE_STANDARD = gnu99;
				GCC_NO_COMMON_BLOCKS = YES;
				GCC_WARN_64_TO_32_BIT_CONVERSION = YES;
				GCC_WARN_ABOUT_RETURN_TYPE = YES_ERROR;
				GCC_WARN_UNDECLARED_SELECTOR = YES;
				GCC_WARN_UNINITIALIZED_AUTOS = YES_AGGRESSIVE;
				GCC_WARN_UNUSED_FUNCTION = YES;
				GCC_WARN_UNUSED_VARIABLE = YES;
				IPHONEOS_DEPLOYMENT_TARGET = 10.3;
				MTL_ENABLE_DEBUG_INFO = NO;
				SDKROOT = iphoneos;
				SWIFT_OPTIMIZATION_LEVEL = "-Owholemodule";
				VALIDATE_PRODUCT = YES;
			};
			name = Release;
		};
		719B665C1F5AA0B3007BA408 /* Debug */ = {
			isa = XCBuildConfiguration;
			baseConfigurationReference = 27CCD88E94EBBB1D29CD1E5E /* Pods-HuffmanCode-iOS.debug.xcconfig */;
			buildSettings = {
				ALWAYS_EMBED_SWIFT_STANDARD_LIBRARIES = YES;
				ASSETCATALOG_COMPILER_APPICON_NAME = AppIcon;
				CODE_SIGN_STYLE = Manual;
				DEVELOPMENT_TEAM = X25KZ54NYC;
				INFOPLIST_FILE = "$(SRCROOT)/HuffmanCode-iOS/Support/Info.plist";
				LD_RUNPATH_SEARCH_PATHS = "$(inherited) @executable_path/Frameworks";
				PRODUCT_BUNDLE_IDENTIFIER = "com.yochio.HuffmanCode-iOS";
				PRODUCT_NAME = "$(TARGET_NAME)";
				PROVISIONING_PROFILE = "43640158-4656-45e2-8b36-ee4f45b61a37";
				PROVISIONING_PROFILE_SPECIFIER = "match Development com.yochio.HuffmanCode-iOS";
				SWIFT_SWIFT3_OBJC_INFERENCE = On;
				SWIFT_VERSION = 4.0;
			};
			name = Debug;
		};
		719B665D1F5AA0B3007BA408 /* Release */ = {
			isa = XCBuildConfiguration;
			baseConfigurationReference = EC30CEC045AAE5F9945E308E /* Pods-HuffmanCode-iOS.release.xcconfig */;
			buildSettings = {
				ALWAYS_EMBED_SWIFT_STANDARD_LIBRARIES = YES;
				ASSETCATALOG_COMPILER_APPICON_NAME = AppIcon;
				CODE_SIGN_STYLE = Manual;
				DEVELOPMENT_TEAM = X25KZ54NYC;
				INFOPLIST_FILE = "$(SRCROOT)/HuffmanCode-iOS/Support/Info.plist";
				LD_RUNPATH_SEARCH_PATHS = "$(inherited) @executable_path/Frameworks";
				PRODUCT_BUNDLE_IDENTIFIER = "com.yochio.HuffmanCode-iOS";
				PRODUCT_NAME = "$(TARGET_NAME)";
				PROVISIONING_PROFILE = "43640158-4656-45e2-8b36-ee4f45b61a37";
				PROVISIONING_PROFILE_SPECIFIER = "match Development com.yochio.HuffmanCode-iOS";
				SWIFT_SWIFT3_OBJC_INFERENCE = On;
				SWIFT_VERSION = 4.0;
			};
			name = Release;
		};
		CE3C66D0202802F100218A57 /* Debug */ = {
			isa = XCBuildConfiguration;
			buildSettings = {
				BUNDLE_LOADER = "$(TEST_HOST)";
				CLANG_CXX_LANGUAGE_STANDARD = "gnu++14";
				CLANG_WARN_UNGUARDED_AVAILABILITY = YES_AGGRESSIVE;
				CODE_SIGN_IDENTITY = "iPhone Developer";
				CODE_SIGN_STYLE = Automatic;
				DEVELOPMENT_TEAM = E296FA364F;
				GCC_C_LANGUAGE_STANDARD = gnu11;
				INFOPLIST_FILE = "HuffmanCode-iOSTests/Info.plist";
				IPHONEOS_DEPLOYMENT_TARGET = 11.2;
				LD_RUNPATH_SEARCH_PATHS = "$(inherited) @executable_path/Frameworks @loader_path/Frameworks";
				PRODUCT_BUNDLE_IDENTIFIER = "yochio.HuffmanCode-iOSTests";
				PRODUCT_NAME = "$(TARGET_NAME)";
				SWIFT_VERSION = 4.0;
				TARGETED_DEVICE_FAMILY = "1,2";
				TEST_HOST = "$(BUILT_PRODUCTS_DIR)/HuffmanCode-iOS.app/HuffmanCode-iOS";
			};
			name = Debug;
		};
		CE3C66D1202802F100218A57 /* Release */ = {
			isa = XCBuildConfiguration;
			buildSettings = {
				BUNDLE_LOADER = "$(TEST_HOST)";
				CLANG_CXX_LANGUAGE_STANDARD = "gnu++14";
				CLANG_WARN_UNGUARDED_AVAILABILITY = YES_AGGRESSIVE;
				CODE_SIGN_IDENTITY = "iPhone Developer";
				CODE_SIGN_STYLE = Automatic;
				DEVELOPMENT_TEAM = E296FA364F;
				GCC_C_LANGUAGE_STANDARD = gnu11;
				INFOPLIST_FILE = "HuffmanCode-iOSTests/Info.plist";
				IPHONEOS_DEPLOYMENT_TARGET = 11.2;
				LD_RUNPATH_SEARCH_PATHS = "$(inherited) @executable_path/Frameworks @loader_path/Frameworks";
				PRODUCT_BUNDLE_IDENTIFIER = "yochio.HuffmanCode-iOSTests";
				PRODUCT_NAME = "$(TARGET_NAME)";
				SWIFT_VERSION = 4.0;
				TARGETED_DEVICE_FAMILY = "1,2";
				TEST_HOST = "$(BUILT_PRODUCTS_DIR)/HuffmanCode-iOS.app/HuffmanCode-iOS";
			};
			name = Release;
		};
/* End XCBuildConfiguration section */

/* Begin XCConfigurationList section */
		719B66441F5AA0B3007BA408 /* Build configuration list for PBXProject "HuffmanCode-iOS" */ = {
			isa = XCConfigurationList;
			buildConfigurations = (
				719B66591F5AA0B3007BA408 /* Debug */,
				719B665A1F5AA0B3007BA408 /* Release */,
			);
			defaultConfigurationIsVisible = 0;
			defaultConfigurationName = Release;
		};
		719B665B1F5AA0B3007BA408 /* Build configuration list for PBXNativeTarget "HuffmanCode-iOS" */ = {
			isa = XCConfigurationList;
			buildConfigurations = (
				719B665C1F5AA0B3007BA408 /* Debug */,
				719B665D1F5AA0B3007BA408 /* Release */,
			);
			defaultConfigurationIsVisible = 0;
			defaultConfigurationName = Release;
		};
		CE3C66D2202802F100218A57 /* Build configuration list for PBXNativeTarget "HuffmanCode-iOSTests" */ = {
			isa = XCConfigurationList;
			buildConfigurations = (
				CE3C66D0202802F100218A57 /* Debug */,
				CE3C66D1202802F100218A57 /* Release */,
			);
			defaultConfigurationIsVisible = 0;
			defaultConfigurationName = Release;
		};
/* End XCConfigurationList section */
	};
	rootObject = 719B66411F5AA0B3007BA408 /* Project object */;
}
